{
  "object": {
    "pins": [
      {
        "package": "Files",
        "repositoryURL": "https://github.com/JohnSundell/Files.git",
        "state": {
          "branch": null,
          "revision": "6171f9e9d8619678da22355560f3dbed6368058d",
          "version": "2.0.1"
        }
      },
      {
        "package": "HTMLString",
        "repositoryURL": "https://github.com/alexaubry/HTMLString",
        "state": {
          "branch": null,
          "revision": "e13997aaa05b043802c37e93a2e568e505aaf71a",
          "version": "4.0.1"
        }
      },
      {
        "package": "SwiftMarkdown",
        "repositoryURL": "https://github.com/vapor-community/markdown.git",
        "state": {
          "branch": null,
          "revision": "aea4876786fa284f6d86af1ce3436a17e22035b5",
          "version": "0.4.0"
        }
      },
      {
        "package": "cmark",
        "repositoryURL": "https://github.com/brokenhandsio/cmark-gfm.git",
        "state": {
          "branch": null,
          "revision": "28d762c29119b5e1c3c0ba1e87198a6c0abcdd7a",
          "version": "1.0.0"
        }
      }
    ]
  },
  "version": 1
}
